// !$*UTF8*$!
{
	archiveVersion = 1;
	classes = {
	};
	objectVersion = 56;
	objects = {

/* Begin PBXBuildFile section */
		84727BA82C82FB5B0036CBFE /* NewsAppApp.swift in Sources */ = {isa = PBXBuildFile; fileRef = 84727BA72C82FB5B0036CBFE /* NewsAppApp.swift */; };
		84727BAA2C82FB5B0036CBFE /* ContentView.swift in Sources */ = {isa = PBXBuildFile; fileRef = 84727BA92C82FB5B0036CBFE /* ContentView.swift */; };
		84727BAC2C82FB5C0036CBFE /* Assets.xcassets in Resources */ = {isa = PBXBuildFile; fileRef = 84727BAB2C82FB5C0036CBFE /* Assets.xcassets */; };
		84727BAF2C82FB5C0036CBFE /* Preview Assets.xcassets in Resources */ = {isa = PBXBuildFile; fileRef = 84727BAE2C82FB5C0036CBFE /* Preview Assets.xcassets */; };
		84727BB12C82FB5C0036CBFE /* Persistence.swift in Sources */ = {isa = PBXBuildFile; fileRef = 84727BB02C82FB5C0036CBFE /* Persistence.swift */; };
		84727BB42C82FB5C0036CBFE /* NewsApp.xcdatamodeld in Sources */ = {isa = PBXBuildFile; fileRef = 84727BB22C82FB5C0036CBFE /* NewsApp.xcdatamodeld */; };
		84727BBD2C82FC4A0036CBFE /* NewsListView.swift in Sources */ = {isa = PBXBuildFile; fileRef = 84727BBC2C82FC4A0036CBFE /* NewsListView.swift */; };
		84727BBF2C83199C0036CBFE /* NewsGridView.swift in Sources */ = {isa = PBXBuildFile; fileRef = 84727BBE2C83199C0036CBFE /* NewsGridView.swift */; };
		84727BC12C831A510036CBFE /* FilterButtonWithExpandView.swift in Sources */ = {isa = PBXBuildFile; fileRef = 84727BC02C831A510036CBFE /* FilterButtonWithExpandView.swift */; };
		84727BC32C8320C20036CBFE /* NetworkManager.swift in Sources */ = {isa = PBXBuildFile; fileRef = 84727BC22C8320C20036CBFE /* NetworkManager.swift */; };
		84727BC52C832F300036CBFE /* NewsAppViewModel.swift in Sources */ = {isa = PBXBuildFile; fileRef = 84727BC42C832F300036CBFE /* NewsAppViewModel.swift */; };
		84727BC72C8331FB0036CBFE /* NewsModel.swift in Sources */ = {isa = PBXBuildFile; fileRef = 84727BC62C8331FB0036CBFE /* NewsModel.swift */; };
		84727BC92C8372A90036CBFE /* WebViewDetailScreen.swift in Sources */ = {isa = PBXBuildFile; fileRef = 84727BC82C8372A90036CBFE /* WebViewDetailScreen.swift */; };
		84727BCB2C846E8F0036CBFE /* CustomSectionHeader.swift in Sources */ = {isa = PBXBuildFile; fileRef = 84727BCA2C846E8F0036CBFE /* CustomSectionHeader.swift */; };
		84727BCD2C84E6260036CBFE /* FilteredDataListView.swift in Sources */ = {isa = PBXBuildFile; fileRef = 84727BCC2C84E6260036CBFE /* FilteredDataListView.swift */; };
		84727BCF2C8593400036CBFE /* HeaderViewOnFilterApplied.swift in Sources */ = {isa = PBXBuildFile; fileRef = 84727BCE2C8593400036CBFE /* HeaderViewOnFilterApplied.swift */; };
/* End PBXBuildFile section */

/* Begin PBXFileReference section */
		84727BA42C82FB5B0036CBFE /* NewsApp.app */ = {isa = PBXFileReference; explicitFileType = wrapper.application; includeInIndex = 0; path = NewsApp.app; sourceTree = BUILT_PRODUCTS_DIR; };
		84727BA72C82FB5B0036CBFE /* NewsAppApp.swift */ = {isa = PBXFileReference; lastKnownFileType = sourcecode.swift; path = NewsAppApp.swift; sourceTree = "<group>"; };
		84727BA92C82FB5B0036CBFE /* ContentView.swift */ = {isa = PBXFileReference; lastKnownFileType = sourcecode.swift; path = ContentView.swift; sourceTree = "<group>"; };
		84727BAB2C82FB5C0036CBFE /* Assets.xcassets */ = {isa = PBXFileReference; lastKnownFileType = folder.assetcatalog; path = Assets.xcassets; sourceTree = "<group>"; };
		84727BAE2C82FB5C0036CBFE /* Preview Assets.xcassets */ = {isa = PBXFileReference; lastKnownFileType = folder.assetcatalog; path = "Preview Assets.xcassets"; sourceTree = "<group>"; };
		84727BB02C82FB5C0036CBFE /* Persistence.swift */ = {isa = PBXFileReference; lastKnownFileType = sourcecode.swift; path = Persistence.swift; sourceTree = "<group>"; };
		84727BB32C82FB5C0036CBFE /* NewsApp.xcdatamodel */ = {isa = PBXFileReference; lastKnownFileType = wrapper.xcdatamodel; path = NewsApp.xcdatamodel; sourceTree = "<group>"; };
		84727BBC2C82FC4A0036CBFE /* NewsListView.swift */ = {isa = PBXFileReference; lastKnownFileType = sourcecode.swift; path = NewsListView.swift; sourceTree = "<group>"; };
		84727BBE2C83199C0036CBFE /* NewsGridView.swift */ = {isa = PBXFileReference; lastKnownFileType = sourcecode.swift; path = NewsGridView.swift; sourceTree = "<group>"; };
		84727BC02C831A510036CBFE /* FilterButtonWithExpandView.swift */ = {isa = PBXFileReference; lastKnownFileType = sourcecode.swift; path = FilterButtonWithExpandView.swift; sourceTree = "<group>"; };
		84727BC22C8320C20036CBFE /* NetworkManager.swift */ = {isa = PBXFileReference; lastKnownFileType = sourcecode.swift; path = NetworkManager.swift; sourceTree = "<group>"; };
		84727BC42C832F300036CBFE /* NewsAppViewModel.swift */ = {isa = PBXFileReference; lastKnownFileType = sourcecode.swift; path = NewsAppViewModel.swift; sourceTree = "<group>"; };
		84727BC62C8331FB0036CBFE /* NewsModel.swift */ = {isa = PBXFileReference; lastKnownFileType = sourcecode.swift; path = NewsModel.swift; sourceTree = "<group>"; };
		84727BC82C8372A90036CBFE /* WebViewDetailScreen.swift */ = {isa = PBXFileReference; lastKnownFileType = sourcecode.swift; path = WebViewDetailScreen.swift; sourceTree = "<group>"; };
		84727BCA2C846E8F0036CBFE /* CustomSectionHeader.swift */ = {isa = PBXFileReference; lastKnownFileType = sourcecode.swift; path = CustomSectionHeader.swift; sourceTree = "<group>"; };
		84727BCC2C84E6260036CBFE /* FilteredDataListView.swift */ = {isa = PBXFileReference; lastKnownFileType = sourcecode.swift; path = FilteredDataListView.swift; sourceTree = "<group>"; };
		84727BCE2C8593400036CBFE /* HeaderViewOnFilterApplied.swift */ = {isa = PBXFileReference; lastKnownFileType = sourcecode.swift; path = HeaderViewOnFilterApplied.swift; sourceTree = "<group>"; };
/* End PBXFileReference section */

/* Begin PBXFrameworksBuildPhase section */
		84727BA12C82FB5B0036CBFE /* Frameworks */ = {
			isa = PBXFrameworksBuildPhase;
			buildActionMask = 2147483647;
			files = (
			);
			runOnlyForDeploymentPostprocessing = 0;
		};
/* End PBXFrameworksBuildPhase section */

/* Begin PBXGroup section */
		84727B9B2C82FB5B0036CBFE = {
			isa = PBXGroup;
			children = (
				84727BA62C82FB5B0036CBFE /* NewsApp */,
				84727BA52C82FB5B0036CBFE /* Products */,
			);
			sourceTree = "<group>";
		};
		84727BA52C82FB5B0036CBFE /* Products */ = {
			isa = PBXGroup;
			children = (
				84727BA42C82FB5B0036CBFE /* NewsApp.app */,
			);
			name = Products;
			sourceTree = "<group>";
		};
		84727BA62C82FB5B0036CBFE /* NewsApp */ = {
			isa = PBXGroup;
			children = (
				84727BA72C82FB5B0036CBFE /* NewsAppApp.swift */,
				84727BA92C82FB5B0036CBFE /* ContentView.swift */,
				84727BAB2C82FB5C0036CBFE /* Assets.xcassets */,
				84727BB02C82FB5C0036CBFE /* Persistence.swift */,
				84727BB22C82FB5C0036CBFE /* NewsApp.xcdatamodeld */,
				84727BAD2C82FB5C0036CBFE /* Preview Content */,
				84727BBC2C82FC4A0036CBFE /* NewsListView.swift */,
				84727BBE2C83199C0036CBFE /* NewsGridView.swift */,
				84727BC02C831A510036CBFE /* FilterButtonWithExpandView.swift */,
				84727BC22C8320C20036CBFE /* NetworkManager.swift */,
				84727BC42C832F300036CBFE /* NewsAppViewModel.swift */,
				84727BC62C8331FB0036CBFE /* NewsModel.swift */,
				84727BC82C8372A90036CBFE /* WebViewDetailScreen.swift */,
				84727BCA2C846E8F0036CBFE /* CustomSectionHeader.swift */,
				84727BCC2C84E6260036CBFE /* FilteredDataListView.swift */,
				84727BCE2C8593400036CBFE /* HeaderViewOnFilterApplied.swift */,
			);
			path = NewsApp;
			sourceTree = "<group>";
		};
		84727BAD2C82FB5C0036CBFE /* Preview Content */ = {
			isa = PBXGroup;
			children = (
				84727BAE2C82FB5C0036CBFE /* Preview Assets.xcassets */,
			);
			path = "Preview Content";
			sourceTree = "<group>";
		};
/* End PBXGroup section */

/* Begin PBXNativeTarget section */
		84727BA32C82FB5B0036CBFE /* NewsApp */ = {
			isa = PBXNativeTarget;
			buildConfigurationList = 84727BB72C82FB5C0036CBFE /* Build configuration list for PBXNativeTarget "NewsApp" */;
			buildPhases = (
				84727BA02C82FB5B0036CBFE /* Sources */,
				84727BA12C82FB5B0036CBFE /* Frameworks */,
				84727BA22C82FB5B0036CBFE /* Resources */,
			);
			buildRules = (
			);
			dependencies = (
			);
			name = NewsApp;
			productName = NewsApp;
			productReference = 84727BA42C82FB5B0036CBFE /* NewsApp.app */;
			productType = "com.apple.product-type.application";
		};
/* End PBXNativeTarget section */

/* Begin PBXProject section */
		84727B9C2C82FB5B0036CBFE /* Project object */ = {
			isa = PBXProject;
			attributes = {
				BuildIndependentTargetsInParallel = 1;
				LastSwiftUpdateCheck = 1540;
				LastUpgradeCheck = 1540;
				TargetAttributes = {
					84727BA32C82FB5B0036CBFE = {
						CreatedOnToolsVersion = 15.4;
					};
				};
			};
			buildConfigurationList = 84727B9F2C82FB5B0036CBFE /* Build configuration list for PBXProject "NewsApp" */;
			compatibilityVersion = "Xcode 14.0";
			developmentRegion = en;
			hasScannedForEncodings = 0;
			knownRegions = (
				en,
				Base,
			);
			mainGroup = 84727B9B2C82FB5B0036CBFE;
			productRefGroup = 84727BA52C82FB5B0036CBFE /* Products */;
			projectDirPath = "";
			projectRoot = "";
			targets = (
				84727BA32C82FB5B0036CBFE /* NewsApp */,
			);
		};
/* End PBXProject section */

/* Begin PBXResourcesBuildPhase section */
		84727BA22C82FB5B0036CBFE /* Resources */ = {
			isa = PBXResourcesBuildPhase;
			buildActionMask = 2147483647;
			files = (
				84727BAF2C82FB5C0036CBFE /* Preview Assets.xcassets in Resources */,
				84727BAC2C82FB5C0036CBFE /* Assets.xcassets in Resources */,
			);
			runOnlyForDeploymentPostprocessing = 0;
		};
/* End PBXResourcesBuildPhase section */

/* Begin PBXSourcesBuildPhase section */
		84727BA02C82FB5B0036CBFE /* Sources */ = {
			isa = PBXSourcesBuildPhase;
			buildActionMask = 2147483647;
			files = (
				84727BB12C82FB5C0036CBFE /* Persistence.swift in Sources */,
				84727BC52C832F300036CBFE /* NewsAppViewModel.swift in Sources */,
				84727BCF2C8593400036CBFE /* HeaderViewOnFilterApplied.swift in Sources */,
				84727BC12C831A510036CBFE /* FilterButtonWithExpandView.swift in Sources */,
				84727BAA2C82FB5B0036CBFE /* ContentView.swift in Sources */,
				84727BBD2C82FC4A0036CBFE /* NewsListView.swift in Sources */,
				84727BC32C8320C20036CBFE /* NetworkManager.swift in Sources */,
				84727BB42C82FB5C0036CBFE /* NewsApp.xcdatamodeld in Sources */,
				84727BA82C82FB5B0036CBFE /* NewsAppApp.swift in Sources */,
				84727BCD2C84E6260036CBFE /* FilteredDataListView.swift in Sources */,
				84727BC92C8372A90036CBFE /* WebViewDetailScreen.swift in Sources */,
				84727BCB2C846E8F0036CBFE /* CustomSectionHeader.swift in Sources */,
				84727BC72C8331FB0036CBFE /* NewsModel.swift in Sources */,
				84727BBF2C83199C0036CBFE /* NewsGridView.swift in Sources */,
			);
			runOnlyForDeploymentPostprocessing = 0;
		};
/* End PBXSourcesBuildPhase section */

/* Begin XCBuildConfiguration section */
		84727BB52C82FB5C0036CBFE /* Debug */ = {
			isa = XCBuildConfiguration;
			buildSettings = {
				ALWAYS_SEARCH_USER_PATHS = NO;
				ASSETCATALOG_COMPILER_GENERATE_SWIFT_ASSET_SYMBOL_EXTENSIONS = YES;
				CLANG_ANALYZER_NONNULL = YES;
				CLANG_ANALYZER_NUMBER_OBJECT_CONVERSION = YES_AGGRESSIVE;
				CLANG_CXX_LANGUAGE_STANDARD = "gnu++20";
				CLANG_ENABLE_MODULES = YES;
				CLANG_ENABLE_OBJC_ARC = YES;
				CLANG_ENABLE_OBJC_WEAK = YES;
				CLANG_WARN_BLOCK_CAPTURE_AUTORELEASING = YES;
				CLANG_WARN_BOOL_CONVERSION = YES;
				CLANG_WARN_COMMA = YES;
				CLANG_WARN_CONSTANT_CONVERSION = YES;
				CLANG_WARN_DEPRECATED_OBJC_IMPLEMENTATIONS = YES;
				CLANG_WARN_DIRECT_OBJC_ISA_USAGE = YES_ERROR;
				CLANG_WARN_DOCUMENTATION_COMMENTS = YES;
				CLANG_WARN_EMPTY_BODY = YES;
				CLANG_WARN_ENUM_CONVERSION = YES;
				CLANG_WARN_INFINITE_RECURSION = YES;
				CLANG_WARN_INT_CONVERSION = YES;
				CLANG_WARN_NON_LITERAL_NULL_CONVERSION = YES;
				CLANG_WARN_OBJC_IMPLICIT_RETAIN_SELF = YES;
				CLANG_WARN_OBJC_LITERAL_CONVERSION = YES;
				CLANG_WARN_OBJC_ROOT_CLASS = YES_ERROR;
				CLANG_WARN_QUOTED_INCLUDE_IN_FRAMEWORK_HEADER = YES;
				CLANG_WARN_RANGE_LOOP_ANALYSIS = YES;
				CLANG_WARN_STRICT_PROTOTYPES = YES;
				CLANG_WARN_SUSPICIOUS_MOVE = YES;
				CLANG_WARN_UNGUARDED_AVAILABILITY = YES_AGGRESSIVE;
				CLANG_WARN_UNREACHABLE_CODE = YES;
				CLANG_WARN__DUPLICATE_METHOD_MATCH = YES;
				COPY_PHASE_STRIP = NO;
				DEBUG_INFORMATION_FORMAT = dwarf;
				ENABLE_STRICT_OBJC_MSGSEND = YES;
				ENABLE_TESTABILITY = YES;
				ENABLE_USER_SCRIPT_SANDBOXING = YES;
				GCC_C_LANGUAGE_STANDARD = gnu17;
				GCC_DYNAMIC_NO_PIC = NO;
				GCC_NO_COMMON_BLOCKS = YES;
				GCC_OPTIMIZATION_LEVEL = 0;
				GCC_PREPROCESSOR_DEFINITIONS = (
					"DEBUG=1",
					"$(inherited)",
				);
				GCC_WARN_64_TO_32_BIT_CONVERSION = YES;
				GCC_WARN_ABOUT_RETURN_TYPE = YES_ERROR;
				GCC_WARN_UNDECLARED_SELECTOR = YES;
				GCC_WARN_UNINITIALIZED_AUTOS = YES_AGGRESSIVE;
				GCC_WARN_UNUSED_FUNCTION = YES;
				GCC_WARN_UNUSED_VARIABLE = YES;
				IPHONEOS_DEPLOYMENT_TARGET = 17.5;
				LOCALIZATION_PREFERS_STRING_CATALOGS = YES;
				MTL_ENABLE_DEBUG_INFO = INCLUDE_SOURCE;
				MTL_FAST_MATH = YES;
				ONLY_ACTIVE_ARCH = YES;
				SDKROOT = iphoneos;
				SWIFT_ACTIVE_COMPILATION_CONDITIONS = "DEBUG $(inherited)";
				SWIFT_OPTIMIZATION_LEVEL = "-Onone";
			};
			name = Debug;
		};
		84727BB62C82FB5C0036CBFE /* Release */ = {
			isa = XCBuildConfiguration;
			buildSettings = {
				ALWAYS_SEARCH_USER_PATHS = NO;
				ASSETCATALOG_COMPILER_GENERATE_SWIFT_ASSET_SYMBOL_EXTENSIONS = YES;
				CLANG_ANALYZER_NONNULL = YES;
				CLANG_ANALYZER_NUMBER_OBJECT_CONVERSION = YES_AGGRESSIVE;
				CLANG_CXX_LANGUAGE_STANDARD = "gnu++20";
				CLANG_ENABLE_MODULES = YES;
				CLANG_ENABLE_OBJC_ARC = YES;
				CLANG_ENABLE_OBJC_WEAK = YES;
				CLANG_WARN_BLOCK_CAPTURE_AUTORELEASING = YES;
				CLANG_WARN_BOOL_CONVERSION = YES;
				CLANG_WARN_COMMA = YES;
				CLANG_WARN_CONSTANT_CONVERSION = YES;
				CLANG_WARN_DEPRECATED_OBJC_IMPLEMENTATIONS = YES;
				CLANG_WARN_DIRECT_OBJC_ISA_USAGE = YES_ERROR;
				CLANG_WARN_DOCUMENTATION_COMMENTS = YES;
				CLANG_WARN_EMPTY_BODY = YES;
				CLANG_WARN_ENUM_CONVERSION = YES;
				CLANG_WARN_INFINITE_RECURSION = YES;
				CLANG_WARN_INT_CONVERSION = YES;
				CLANG_WARN_NON_LITERAL_NULL_CONVERSION = YES;
				CLANG_WARN_OBJC_IMPLICIT_RETAIN_SELF = YES;
				CLANG_WARN_OBJC_LITERAL_CONVERSION = YES;
				CLANG_WARN_OBJC_ROOT_CLASS = YES_ERROR;
				CLANG_WARN_QUOTED_INCLUDE_IN_FRAMEWORK_HEADER = YES;
				CLANG_WARN_RANGE_LOOP_ANALYSIS = YES;
				CLANG_WARN_STRICT_PROTOTYPES = YES;
				CLANG_WARN_SUSPICIOUS_MOVE = YES;
				CLANG_WARN_UNGUARDED_AVAILABILITY = YES_AGGRESSIVE;
				CLANG_WARN_UNREACHABLE_CODE = YES;
				CLANG_WARN__DUPLICATE_METHOD_MATCH = YES;
				COPY_PHASE_STRIP = NO;
				DEBUG_INFORMATION_FORMAT = "dwarf-with-dsym";
				ENABLE_NS_ASSERTIONS = NO;
				ENABLE_STRICT_OBJC_MSGSEND = YES;
				ENABLE_USER_SCRIPT_SANDBOXING = YES;
				GCC_C_LANGUAGE_STANDARD = gnu17;
				GCC_NO_COMMON_BLOCKS = YES;
				GCC_WARN_64_TO_32_BIT_CONVERSION = YES;
				GCC_WARN_ABOUT_RETURN_TYPE = YES_ERROR;
				GCC_WARN_UNDECLARED_SELECTOR = YES;
				GCC_WARN_UNINITIALIZED_AUTOS = YES_AGGRESSIVE;
				GCC_WARN_UNUSED_FUNCTION = YES;
				GCC_WARN_UNUSED_VARIABLE = YES;
				IPHONEOS_DEPLOYMENT_TARGET = 17.5;
				LOCALIZATION_PREFERS_STRING_CATALOGS = YES;
				MTL_ENABLE_DEBUG_INFO = NO;
				MTL_FAST_MATH = YES;
				SDKROOT = iphoneos;
				SWIFT_COMPILATION_MODE = wholemodule;
				VALIDATE_PRODUCT = YES;
			};
			name = Release;
		};
		84727BB82C82FB5C0036CBFE /* Debug */ = {
			isa = XCBuildConfiguration;
			buildSettings = {
				ASSETCATALOG_COMPILER_APPICON_NAME = AppIcon;
				ASSETCATALOG_COMPILER_GLOBAL_ACCENT_COLOR_NAME = AccentColor;
				CODE_SIGN_STYLE = Automatic;
				CURRENT_PROJECT_VERSION = 1;
				DEVELOPMENT_ASSET_PATHS = "\"NewsApp/Preview Content\"";
				ENABLE_PREVIEWS = YES;
				GENERATE_INFOPLIST_FILE = YES;
				INFOPLIST_KEY_UIApplicationSceneManifest_Generation = YES;
				INFOPLIST_KEY_UIApplicationSupportsIndirectInputEvents = YES;
				INFOPLIST_KEY_UILaunchScreen_Generation = YES;
				INFOPLIST_KEY_UISupportedInterfaceOrientations_iPad = "UIInterfaceOrientationPortrait UIInterfaceOrientationPortraitUpsideDown UIInterfaceOrientationLandscapeLeft UIInterfaceOrientationLandscapeRight";
				INFOPLIST_KEY_UISupportedInterfaceOrientations_iPhone = "UIInterfaceOrientationPortrait UIInterfaceOrientationLandscapeLeft UIInterfaceOrientationLandscapeRight";
				LD_RUNPATH_SEARCH_PATHS = (
					"$(inherited)",
					"@executable_path/Frameworks",
				);
				MARKETING_VERSION = 1.0;
				PRODUCT_BUNDLE_IDENTIFIER = NehaKukreja.NewsApp;
				PRODUCT_NAME = "$(TARGET_NAME)";
				SWIFT_EMIT_LOC_STRINGS = YES;
				SWIFT_VERSION = 5.0;
				TARGETED_DEVICE_FAMILY = "1,2";
			};
			name = Debug;
		};
		84727BB92C82FB5C0036CBFE /* Release */ = {
			isa = XCBuildConfiguration;
			buildSettings = {
				ASSETCATALOG_COMPILER_APPICON_NAME = AppIcon;
				ASSETCATALOG_COMPILER_GLOBAL_ACCENT_COLOR_NAME = AccentColor;
				CODE_SIGN_STYLE = Automatic;
				CURRENT_PROJECT_VERSION = 1;
				DEVELOPMENT_ASSET_PATHS = "\"NewsApp/Preview Content\"";
				ENABLE_PREVIEWS = YES;
				GENERATE_INFOPLIST_FILE = YES;
				INFOPLIST_KEY_UIApplicationSceneManifest_Generation = YES;
				INFOPLIST_KEY_UIApplicationSupportsIndirectInputEvents = YES;
				INFOPLIST_KEY_UILaunchScreen_Generation = YES;
				INFOPLIST_KEY_UISupportedInterfaceOrientations_iPad = "UIInterfaceOrientationPortrait UIInterfaceOrientationPortraitUpsideDown UIInterfaceOrientationLandscapeLeft UIInterfaceOrientationLandscapeRight";
				INFOPLIST_KEY_UISupportedInterfaceOrientations_iPhone = "UIInterfaceOrientationPortrait UIInterfaceOrientationLandscapeLeft UIInterfaceOrientationLandscapeRight";
				LD_RUNPATH_SEARCH_PATHS = (
					"$(inherited)",
					"@executable_path/Frameworks",
				);
				MARKETING_VERSION = 1.0;
				PRODUCT_BUNDLE_IDENTIFIER = NehaKukreja.NewsApp;
				PRODUCT_NAME = "$(TARGET_NAME)";
				SWIFT_EMIT_LOC_STRINGS = YES;
				SWIFT_VERSION = 5.0;
				TARGETED_DEVICE_FAMILY = "1,2";
			};
			name = Release;
		};
/* End XCBuildConfiguration section */

/* Begin XCConfigurationList section */
		84727B9F2C82FB5B0036CBFE /* Build configuration list for PBXProject "NewsApp" */ = {
			isa = XCConfigurationList;
			buildConfigurations = (
				84727BB52C82FB5C0036CBFE /* Debug */,
				84727BB62C82FB5C0036CBFE /* Release */,
			);
			defaultConfigurationIsVisible = 0;
			defaultConfigurationName = Release;
		};
		84727BB72C82FB5C0036CBFE /* Build configuration list for PBXNativeTarget "NewsApp" */ = {
			isa = XCConfigurationList;
			buildConfigurations = (
				84727BB82C82FB5C0036CBFE /* Debug */,
				84727BB92C82FB5C0036CBFE /* Release */,
			);
			defaultConfigurationIsVisible = 0;
			defaultConfigurationName = Release;
		};
/* End XCConfigurationList section */

/* Begin XCVersionGroup section */
		84727BB22C82FB5C0036CBFE /* NewsApp.xcdatamodeld */ = {
			isa = XCVersionGroup;
			children = (
				84727BB32C82FB5C0036CBFE /* NewsApp.xcdatamodel */,
			);
			currentVersion = 84727BB32C82FB5C0036CBFE /* NewsApp.xcdatamodel */;
			path = NewsApp.xcdatamodeld;
			sourceTree = "<group>";
			versionGroupType = wrapper.xcdatamodel;
		};
/* End XCVersionGroup section */
	};
	rootObject = 84727B9C2C82FB5B0036CBFE /* Project object */;
}
